
Microsoft Visual Studio Solution File, Format Version 12.00
# Visual Studio 14
VisualStudioVersion = 14.0.25420.1
MinimumVisualStudioVersion = 10.0.40219.1
Project("{FAE04EC0-301F-11D3-BF4B-00C04F79EFBC}") = "SimpleSqlTests", "SimpleSqlTests\SimpleSqlTests.csproj", "{0FADBBEB-DEF7-4C60-938A-1E762E11A951}"
EndProject
Project("{FAE04EC0-301F-11D3-BF4B-00C04F79EFBC}") = "SimpleSql", "SimpleSql\SimpleSql.csproj", "{092A914C-E624-42FA-9249-C924E8F4E501}"
EndProject
Global
	GlobalSection(SolutionConfigurationPlatforms) = preSolution
		Debug|Any CPU = Debug|Any CPU
		Release|Any CPU = Release|Any CPU
	EndGlobalSection
	GlobalSection(ProjectConfigurationPlatforms) = postSolution
		{0FADBBEB-DEF7-4C60-938A-1E762E11A951}.Debug|Any CPU.ActiveCfg = Debug|Any CPU
		{0FADBBEB-DEF7-4C60-938A-1E762E11A951}.Debug|Any CPU.Build.0 = Debug|Any CPU
		{0FADBBEB-DEF7-4C60-938A-1E762E11A951}.Release|Any CPU.ActiveCfg = Release|Any CPU
		{0FADBBEB-DEF7-4C60-938A-1E762E11A951}.Release|Any CPU.Build.0 = Release|Any CPU
		{092A914C-E624-42FA-9249-C924E8F4E501}.Debug|Any CPU.ActiveCfg = Debug|Any CPU
		{092A914C-E624-42FA-9249-C924E8F4E501}.Debug|Any CPU.Build.0 = Debug|Any CPU
		{092A914C-E624-42FA-9249-C924E8F4E501}.Release|Any CPU.ActiveCfg = Release|Any CPU
		{092A914C-E624-42FA-9249-C924E8F4E501}.Release|Any CPU.Build.0 = Release|Any CPU
	EndGlobalSection
	GlobalSection(SolutionProperties) = preSolution
		HideSolutionNode = FALSE
	EndGlobalSection
EndGlobal
