
Microsoft Visual Studio Solution File, Format Version 12.00
# Visual Studio 14
VisualStudioVersion = 14.0.25420.1
MinimumVisualStudioVersion = 10.0.40219.1
Project("{FAE04EC0-301F-11D3-BF4B-00C04F79EFBC}") = "SimpleSql", "SimpleDB\SimpleSql.csproj", "{FEC14815-2135-4DFE-A989-33BB43DDB4DA}"
EndProject
Project("{FAE04EC0-301F-11D3-BF4B-00C04F79EFBC}") = "SimpleSqlTests", "SimpleSqlTests\SimpleSqlTests.csproj", "{0FADBBEB-DEF7-4C60-938A-1E762E11A951}"
EndProject
Global
	GlobalSection(SolutionConfigurationPlatforms) = preSolution
		Debug|Any CPU = Debug|Any CPU
		Release|Any CPU = Release|Any CPU
	EndGlobalSection
	GlobalSection(ProjectConfigurationPlatforms) = postSolution
		{FEC14815-2135-4DFE-A989-33BB43DDB4DA}.Debug|Any CPU.ActiveCfg = Debug|Any CPU
		{FEC14815-2135-4DFE-A989-33BB43DDB4DA}.Debug|Any CPU.Build.0 = Debug|Any CPU
		{FEC14815-2135-4DFE-A989-33BB43DDB4DA}.Release|Any CPU.ActiveCfg = Release|Any CPU
		{FEC14815-2135-4DFE-A989-33BB43DDB4DA}.Release|Any CPU.Build.0 = Release|Any CPU
		{0FADBBEB-DEF7-4C60-938A-1E762E11A951}.Debug|Any CPU.ActiveCfg = Debug|Any CPU
		{0FADBBEB-DEF7-4C60-938A-1E762E11A951}.Debug|Any CPU.Build.0 = Debug|Any CPU
		{0FADBBEB-DEF7-4C60-938A-1E762E11A951}.Release|Any CPU.ActiveCfg = Release|Any CPU
		{0FADBBEB-DEF7-4C60-938A-1E762E11A951}.Release|Any CPU.Build.0 = Release|Any CPU
	EndGlobalSection
	GlobalSection(SolutionProperties) = preSolution
		HideSolutionNode = FALSE
	EndGlobalSection
EndGlobal
